
Microsoft Visual Studio Solution File, Format Version 12.00
# Visual Studio Version 17
VisualStudioVersion = 17.13.35931.197
MinimumVisualStudioVersion = 10.0.40219.1
Project("{FAE04EC0-301F-11D3-BF4B-00C04F79EFBC}") = "Web_back", "Web_back\Web_back.csproj", "{8C0F7309-103F-4519-80A1-0D9E072B64EF}"
EndProject
Project("{FAE04EC0-301F-11D3-BF4B-00C04F79EFBC}") = "Business-Back", "Business-Back\Business-Back.csproj", "{9A846BDB-D9A4-40CE-82F4-8C63F23E25B3}"
EndProject
Project("{FAE04EC0-301F-11D3-BF4B-00C04F79EFBC}") = "Data-Back", "Data-Back\Data-Back.csproj", "{A5E1BBB4-2314-42DC-90AA-420D687D49E9}"
EndProject
Project("{FAE04EC0-301F-11D3-BF4B-00C04F79EFBC}") = "Entity-Back", "Entity-Back\Entity-Back.csproj", "{624F0213-3621-419A-AAA4-6811CE9ADD93}"
EndProject
Project("{FAE04EC0-301F-11D3-BF4B-00C04F79EFBC}") = "Utilities-Back", "Utilities-Back\Utilities-Back.csproj", "{4AC8119E-3B90-4C39-91DC-C8E4107B14E8}"
EndProject
Project("{FAE04EC0-301F-11D3-BF4B-00C04F79EFBC}") = "Diagram", "Diagram\Diagram.csproj", "{B802E1CC-E392-43EA-AE65-3A79746527EA}"
EndProject
Global
	GlobalSection(SolutionConfigurationPlatforms) = preSolution
		Debug|Any CPU = Debug|Any CPU
		Release|Any CPU = Release|Any CPU
	EndGlobalSection
	GlobalSection(ProjectConfigurationPlatforms) = postSolution
		{8C0F7309-103F-4519-80A1-0D9E072B64EF}.Debug|Any CPU.ActiveCfg = Debug|Any CPU
		{8C0F7309-103F-4519-80A1-0D9E072B64EF}.Debug|Any CPU.Build.0 = Debug|Any CPU
		{8C0F7309-103F-4519-80A1-0D9E072B64EF}.Release|Any CPU.ActiveCfg = Release|Any CPU
		{8C0F7309-103F-4519-80A1-0D9E072B64EF}.Release|Any CPU.Build.0 = Release|Any CPU
		{9A846BDB-D9A4-40CE-82F4-8C63F23E25B3}.Debug|Any CPU.ActiveCfg = Debug|Any CPU
		{9A846BDB-D9A4-40CE-82F4-8C63F23E25B3}.Debug|Any CPU.Build.0 = Debug|Any CPU
		{9A846BDB-D9A4-40CE-82F4-8C63F23E25B3}.Release|Any CPU.ActiveCfg = Release|Any CPU
		{9A846BDB-D9A4-40CE-82F4-8C63F23E25B3}.Release|Any CPU.Build.0 = Release|Any CPU
		{A5E1BBB4-2314-42DC-90AA-420D687D49E9}.Debug|Any CPU.ActiveCfg = Debug|Any CPU
		{A5E1BBB4-2314-42DC-90AA-420D687D49E9}.Debug|Any CPU.Build.0 = Debug|Any CPU
		{A5E1BBB4-2314-42DC-90AA-420D687D49E9}.Release|Any CPU.ActiveCfg = Release|Any CPU
		{A5E1BBB4-2314-42DC-90AA-420D687D49E9}.Release|Any CPU.Build.0 = Release|Any CPU
		{624F0213-3621-419A-AAA4-6811CE9ADD93}.Debug|Any CPU.ActiveCfg = Debug|Any CPU
		{624F0213-3621-419A-AAA4-6811CE9ADD93}.Debug|Any CPU.Build.0 = Debug|Any CPU
		{624F0213-3621-419A-AAA4-6811CE9ADD93}.Release|Any CPU.ActiveCfg = Release|Any CPU
		{624F0213-3621-419A-AAA4-6811CE9ADD93}.Release|Any CPU.Build.0 = Release|Any CPU
		{4AC8119E-3B90-4C39-91DC-C8E4107B14E8}.Debug|Any CPU.ActiveCfg = Debug|Any CPU
		{4AC8119E-3B90-4C39-91DC-C8E4107B14E8}.Debug|Any CPU.Build.0 = Debug|Any CPU
		{4AC8119E-3B90-4C39-91DC-C8E4107B14E8}.Release|Any CPU.ActiveCfg = Release|Any CPU
		{4AC8119E-3B90-4C39-91DC-C8E4107B14E8}.Release|Any CPU.Build.0 = Release|Any CPU
		{B802E1CC-E392-43EA-AE65-3A79746527EA}.Debug|Any CPU.ActiveCfg = Debug|Any CPU
		{B802E1CC-E392-43EA-AE65-3A79746527EA}.Debug|Any CPU.Build.0 = Debug|Any CPU
		{B802E1CC-E392-43EA-AE65-3A79746527EA}.Release|Any CPU.ActiveCfg = Release|Any CPU
		{B802E1CC-E392-43EA-AE65-3A79746527EA}.Release|Any CPU.Build.0 = Release|Any CPU
	EndGlobalSection
	GlobalSection(SolutionProperties) = preSolution
		HideSolutionNode = FALSE
	EndGlobalSection
	GlobalSection(ExtensibilityGlobals) = postSolution
		SolutionGuid = {F504D798-68DA-44E0-BA47-C596BDEE7FA4}
	EndGlobalSection
EndGlobal
